
Microsoft Visual Studio Solution File, Format Version 12.00
# Visual Studio Version 17
VisualStudioVersion = 17.0.32014.148
MinimumVisualStudioVersion = 10.0.40219.1
Project("{9A19103F-16F7-4668-BE54-9A1E7A4F7556}") = "SimpleInProcess", "SimpleInProcess\SimpleInProcess.csproj", "{46854E26-1F6C-4465-9DA7-9F3250C99758}"
EndProject
Project("{9A19103F-16F7-4668-BE54-9A1E7A4F7556}") = "ULS.Core", "..\submodules\ULS.Core\src\ULS.Core\ULS.Core.csproj", "{D73D1E50-328E-4BDE-BC50-36519786FE98}"
EndProject
Project("{2150E333-8FDC-42A3-9474-1A3956D46DE8}") = "Libraries", "Libraries", "{31A504E4-665D-4CC9-87EA-18FE1C11C633}"
EndProject
Project("{2150E333-8FDC-42A3-9474-1A3956D46DE8}") = "Samples", "Samples", "{BAE9BE6C-F66C-4DC0-AB4D-59A05D217181}"
EndProject
Project("{2150E333-8FDC-42A3-9474-1A3956D46DE8}") = "1_InProcess", "1_InProcess", "{C4234982-A45F-4217-B565-AD9C3FE7380B}"
EndProject
Project("{2150E333-8FDC-42A3-9474-1A3956D46DE8}") = "2_ServerClientCS", "2_ServerClientCS", "{0D59ABA0-04FD-4EF4-81C3-26EC68EE67C1}"
EndProject
Project("{2150E333-8FDC-42A3-9474-1A3956D46DE8}") = "3_ServerClientUnreal", "3_ServerClientUnreal", "{1DE21406-F147-4D17-8FDB-D06D9A32F12B}"
EndProject
Project("{9A19103F-16F7-4668-BE54-9A1E7A4F7556}") = "TicTacToeServer", "TicTacToeSample\Server\TicTacToeServer\TicTacToeServer.csproj", "{F3CD5B8C-4997-4058-85AB-E3E6F29B9C6B}"
EndProject
Global
	GlobalSection(SolutionConfigurationPlatforms) = preSolution
		Debug|Any CPU = Debug|Any CPU
		Release|Any CPU = Release|Any CPU
	EndGlobalSection
	GlobalSection(ProjectConfigurationPlatforms) = postSolution
		{46854E26-1F6C-4465-9DA7-9F3250C99758}.Debug|Any CPU.ActiveCfg = Debug|Any CPU
		{46854E26-1F6C-4465-9DA7-9F3250C99758}.Debug|Any CPU.Build.0 = Debug|Any CPU
		{46854E26-1F6C-4465-9DA7-9F3250C99758}.Release|Any CPU.ActiveCfg = Release|Any CPU
		{46854E26-1F6C-4465-9DA7-9F3250C99758}.Release|Any CPU.Build.0 = Release|Any CPU
		{D73D1E50-328E-4BDE-BC50-36519786FE98}.Debug|Any CPU.ActiveCfg = Debug|Any CPU
		{D73D1E50-328E-4BDE-BC50-36519786FE98}.Debug|Any CPU.Build.0 = Debug|Any CPU
		{D73D1E50-328E-4BDE-BC50-36519786FE98}.Release|Any CPU.ActiveCfg = Release|Any CPU
		{D73D1E50-328E-4BDE-BC50-36519786FE98}.Release|Any CPU.Build.0 = Release|Any CPU
		{F3CD5B8C-4997-4058-85AB-E3E6F29B9C6B}.Debug|Any CPU.ActiveCfg = Debug|Any CPU
		{F3CD5B8C-4997-4058-85AB-E3E6F29B9C6B}.Debug|Any CPU.Build.0 = Debug|Any CPU
		{F3CD5B8C-4997-4058-85AB-E3E6F29B9C6B}.Release|Any CPU.ActiveCfg = Release|Any CPU
		{F3CD5B8C-4997-4058-85AB-E3E6F29B9C6B}.Release|Any CPU.Build.0 = Release|Any CPU
	EndGlobalSection
	GlobalSection(SolutionProperties) = preSolution
		HideSolutionNode = FALSE
	EndGlobalSection
	GlobalSection(NestedProjects) = preSolution
		{46854E26-1F6C-4465-9DA7-9F3250C99758} = {C4234982-A45F-4217-B565-AD9C3FE7380B}
		{D73D1E50-328E-4BDE-BC50-36519786FE98} = {31A504E4-665D-4CC9-87EA-18FE1C11C633}
		{C4234982-A45F-4217-B565-AD9C3FE7380B} = {BAE9BE6C-F66C-4DC0-AB4D-59A05D217181}
		{0D59ABA0-04FD-4EF4-81C3-26EC68EE67C1} = {BAE9BE6C-F66C-4DC0-AB4D-59A05D217181}
		{1DE21406-F147-4D17-8FDB-D06D9A32F12B} = {BAE9BE6C-F66C-4DC0-AB4D-59A05D217181}
		{F3CD5B8C-4997-4058-85AB-E3E6F29B9C6B} = {1DE21406-F147-4D17-8FDB-D06D9A32F12B}
	EndGlobalSection
	GlobalSection(ExtensibilityGlobals) = postSolution
		SolutionGuid = {A4559710-6465-4C05-8A85-5A1070DC8C99}
	EndGlobalSection
EndGlobal
